
Microsoft Visual Studio Solution File, Format Version 12.00
# Visual Studio Version 16
VisualStudioVersion = 16.0.32228.343
MinimumVisualStudioVersion = 10.0.40219.1
Project("{FAE04EC0-301F-11D3-BF4B-00C04F79EFBC}") = "Project1", "Project1.csproj", "{7C4602A4-6AE5-44DC-B6EE-0B65A8D9D08A}"
EndProject
Global
	GlobalSection(SolutionConfigurationPlatforms) = preSolution
		Debug|Any CPU = Debug|Any CPU
		Release|Any CPU = Release|Any CPU
	EndGlobalSection
	GlobalSection(ProjectConfigurationPlatforms) = postSolution
		{7C4602A4-6AE5-44DC-B6EE-0B65A8D9D08A}.Debug|Any CPU.ActiveCfg = Debug|Any CPU
		{7C4602A4-6AE5-44DC-B6EE-0B65A8D9D08A}.Debug|Any CPU.Build.0 = Debug|Any CPU
		{7C4602A4-6AE5-44DC-B6EE-0B65A8D9D08A}.Release|Any CPU.ActiveCfg = Release|Any CPU
		{7C4602A4-6AE5-44DC-B6EE-0B65A8D9D08A}.Release|Any CPU.Build.0 = Release|Any CPU
	EndGlobalSection
	GlobalSection(SolutionProperties) = preSolution
		HideSolutionNode = FALSE
	EndGlobalSection
	GlobalSection(ExtensibilityGlobals) = postSolution
		SolutionGuid = {211E9A36-B17C-4237-A37C-CBC866DDB373}
	EndGlobalSection
EndGlobal
